{
  "name": "semantically",
  "version": "1.0.0",
  "lockfileVersion": 2,
  "requires": true,
  "packages": {
    "": {
      "name": "semantically",
      "version": "1.0.0",
      "license": "ISC",
      "dependencies": {
        "@types/node": "^17.0.21",
        "@types/uuid": "^8.3.4",
        "uuid": "^8.3.2"
      },
      "devDependencies": {
        "@rollup/plugin-node-resolve": "^13.1.3",
        "rollup": "^2.70.1",
        "rollup-plugin-polyfill-node": "^0.8.0",
        "rollup-plugin-typescript2": "^0.31.2",
        "typescript": "^4.6.2"
      }
    },
    "node_modules/@rollup/plugin-inject": {
      "version": "4.0.4",
      "resolved": "https://pkgs.dev.azure.com/ThinkLinq/SharedServices/_packaging/SharedServices/npm/registry/@rollup/plugin-inject/-/plugin-inject-4.0.4.tgz",
      "integrity": "sha1-++7mbppwB4LE9lyLDtuv5YZ4+8I=",
      "dev": true,
      "license": "MIT",
      "dependencies": {
        "@rollup/pluginutils": "^3.1.0",
        "estree-walker": "^2.0.1",
        "magic-string": "^0.25.7"
      },
      "peerDependencies": {
        "rollup": "^1.20.0 || ^2.0.0"
      }
    },
    "node_modules/@rollup/plugin-inject/node_modules/@rollup/pluginutils": {
      "version": "3.1.0",
      "resolved": "https://pkgs.dev.azure.com/ThinkLinq/SharedServices/_packaging/SharedServices/npm/registry/@rollup/pluginutils/-/pluginutils-3.1.0.tgz",
      "integrity": "sha1-cGtFJO5tyLEDs8mVUz5a1oDAK5s=",
      "dev": true,
      "license": "MIT",
      "dependencies": {
        "@types/estree": "0.0.39",
        "estree-walker": "^1.0.1",
        "picomatch": "^2.2.2"
      },
      "engines": {
        "node": ">= 8.0.0"
      },
      "peerDependencies": {
        "rollup": "^1.20.0||^2.0.0"
      }
    },
    "node_modules/@rollup/plugin-inject/node_modules/@rollup/pluginutils/node_modules/estree-walker": {
      "version": "1.0.1",
      "resolved": "https://pkgs.dev.azure.com/ThinkLinq/SharedServices/_packaging/SharedServices/npm/registry/estree-walker/-/estree-walker-1.0.1.tgz",
      "integrity": "sha1-MbxdYSyWtwQQa0d+bdXYqhOMtwA=",
      "dev": true,
      "license": "MIT"
    },
    "node_modules/@rollup/plugin-node-resolve": {
      "version": "13.1.3",
      "resolved": "https://pkgs.dev.azure.com/ThinkLinq/SharedServices/_packaging/SharedServices/npm/registry/@rollup/plugin-node-resolve/-/plugin-node-resolve-13.1.3.tgz",
      "integrity": "sha1-LtJ3+zrZh0VCTB0roVJIRQipLXk=",
      "dev": true,
      "license": "MIT",
      "dependencies": {
        "@rollup/pluginutils": "^3.1.0",
        "@types/resolve": "1.17.1",
        "builtin-modules": "^3.1.0",
        "deepmerge": "^4.2.2",
        "is-module": "^1.0.0",
        "resolve": "^1.19.0"
      },
      "engines": {
        "node": ">= 10.0.0"
      },
      "peerDependencies": {
        "rollup": "^2.42.0"
      }
    },
    "node_modules/@rollup/plugin-node-resolve/node_modules/@rollup/pluginutils": {
      "version": "3.1.0",
      "resolved": "https://pkgs.dev.azure.com/ThinkLinq/SharedServices/_packaging/SharedServices/npm/registry/@rollup/pluginutils/-/pluginutils-3.1.0.tgz",
      "integrity": "sha1-cGtFJO5tyLEDs8mVUz5a1oDAK5s=",
      "dev": true,
      "license": "MIT",
      "dependencies": {
        "@types/estree": "0.0.39",
        "estree-walker": "^1.0.1",
        "picomatch": "^2.2.2"
      },
      "engines": {
        "node": ">= 8.0.0"
      },
      "peerDependencies": {
        "rollup": "^1.20.0||^2.0.0"
      }
    },
    "node_modules/@rollup/plugin-node-resolve/node_modules/estree-walker": {
      "version": "1.0.1",
      "resolved": "https://pkgs.dev.azure.com/ThinkLinq/SharedServices/_packaging/SharedServices/npm/registry/estree-walker/-/estree-walker-1.0.1.tgz",
      "integrity": "sha1-MbxdYSyWtwQQa0d+bdXYqhOMtwA=",
      "dev": true,
      "license": "MIT"
    },
    "node_modules/@rollup/pluginutils": {
      "version": "4.2.0",
      "resolved": "https://pkgs.dev.azure.com/ThinkLinq/SharedServices/_packaging/SharedServices/npm/registry/@rollup/pluginutils/-/pluginutils-4.2.0.tgz",
      "integrity": "sha1-oUu9BY/bugpWRxQ7Fu0NhvtgvQg=",
      "dev": true,
      "license": "MIT",
      "dependencies": {
        "estree-walker": "^2.0.1",
        "picomatch": "^2.2.2"
      },
      "engines": {
        "node": ">= 8.0.0"
      }
    },
    "node_modules/@types/estree": {
      "version": "0.0.39",
      "resolved": "https://pkgs.dev.azure.com/ThinkLinq/SharedServices/_packaging/SharedServices/npm/registry/@types/estree/-/estree-0.0.39.tgz",
      "integrity": "sha1-4Xfmme4bjCLSMXTKqnQiZEOJUJ8=",
      "dev": true,
      "license": "MIT"
    },
    "node_modules/@types/node": {
      "version": "17.0.21",
      "resolved": "https://pkgs.dev.azure.com/ThinkLinq/SharedServices/_packaging/SharedServices/npm/registry/@types/node/-/node-17.0.21.tgz",
      "integrity": "sha1-hkuYfAxo0HtDRYRcPmO3Xt0UNkQ=",
      "license": "MIT"
    },
    "node_modules/@types/resolve": {
      "version": "1.17.1",
      "resolved": "https://pkgs.dev.azure.com/ThinkLinq/SharedServices/_packaging/SharedServices/npm/registry/@types/resolve/-/resolve-1.17.1.tgz",
      "integrity": "sha1-Ov1q2JZ8d+Q3bFmKgt3Vj0bsRdY=",
      "dev": true,
      "license": "MIT",
      "dependencies": {
        "@types/node": "*"
      }
    },
    "node_modules/@types/uuid": {
      "version": "8.3.4",
      "resolved": "https://pkgs.dev.azure.com/ThinkLinq/SharedServices/_packaging/SharedServices/npm/registry/@types/uuid/-/uuid-8.3.4.tgz",
      "integrity": "sha1-vYakNhffBZR4fTi3NfVcgFvs8bw=",
      "license": "MIT"
    },
    "node_modules/@yarn-tool/resolve-package": {
      "version": "1.0.46",
      "resolved": "https://pkgs.dev.azure.com/ThinkLinq/SharedServices/_packaging/SharedServices/npm/registry/@yarn-tool/resolve-package/-/resolve-package-1.0.46.tgz",
      "integrity": "sha1-23NUOA5cp2gilK9Z5asPf85kCsE=",
      "dev": true,
      "license": "ISC",
      "dependencies": {
        "pkg-dir": "< 6 >= 5",
        "tslib": "^2.3.1",
        "upath2": "^3.1.12"
      }
    },
    "node_modules/builtin-modules": {
      "version": "3.2.0",
      "resolved": "https://pkgs.dev.azure.com/ThinkLinq/SharedServices/_packaging/SharedServices/npm/registry/builtin-modules/-/builtin-modules-3.2.0.tgz",
      "integrity": "sha1-RdXbmefuXmvE82LgCL+RerUEmIc=",
      "dev": true,
      "license": "MIT",
      "engines": {
        "node": ">=6"
      },
      "funding": {
        "url": "https://github.com/sponsors/sindresorhus"
      }
    },
    "node_modules/commondir": {
      "version": "1.0.1",
      "resolved": "https://pkgs.dev.azure.com/ThinkLinq/SharedServices/_packaging/SharedServices/npm/registry/commondir/-/commondir-1.0.1.tgz",
      "integrity": "sha1-3dgA2gxmEnOTzKWVDqloo6rxJTs=",
      "dev": true,
      "license": "MIT"
    },
    "node_modules/deepmerge": {
      "version": "4.2.2",
      "resolved": "https://pkgs.dev.azure.com/ThinkLinq/SharedServices/_packaging/SharedServices/npm/registry/deepmerge/-/deepmerge-4.2.2.tgz",
      "integrity": "sha1-RNLqNnm49NT/ujPwPYZfwee/SVU=",
      "dev": true,
      "license": "MIT",
      "engines": {
        "node": ">=0.10.0"
      }
    },
    "node_modules/estree-walker": {
      "version": "2.0.2",
      "resolved": "https://pkgs.dev.azure.com/ThinkLinq/SharedServices/_packaging/SharedServices/npm/registry/estree-walker/-/estree-walker-2.0.2.tgz",
      "integrity": "sha1-UvAQF4wqTBF6d1fP6UKtt9LaTKw=",
      "dev": true,
      "license": "MIT"
    },
    "node_modules/find-cache-dir": {
      "version": "3.3.2",
      "resolved": "https://pkgs.dev.azure.com/ThinkLinq/SharedServices/_packaging/SharedServices/npm/registry/find-cache-dir/-/find-cache-dir-3.3.2.tgz",
      "integrity": "sha1-swxbbv8HMHMa6pu9nb7L2AJW1ks=",
      "dev": true,
      "license": "MIT",
      "dependencies": {
        "commondir": "^1.0.1",
        "make-dir": "^3.0.2",
        "pkg-dir": "^4.1.0"
      },
      "engines": {
        "node": ">=8"
      },
      "funding": {
        "url": "https://github.com/avajs/find-cache-dir?sponsor=1"
      }
    },
    "node_modules/find-cache-dir/node_modules/find-up": {
      "version": "4.1.0",
      "resolved": "https://pkgs.dev.azure.com/ThinkLinq/SharedServices/_packaging/SharedServices/npm/registry/find-up/-/find-up-4.1.0.tgz",
      "integrity": "sha1-l6/n1s3AvFkoWEt8jXsW6KmqXRk=",
      "dev": true,
      "license": "MIT",
      "dependencies": {
        "locate-path": "^5.0.0",
        "path-exists": "^4.0.0"
      },
      "engines": {
        "node": ">=8"
      }
    },
    "node_modules/find-cache-dir/node_modules/locate-path": {
      "version": "5.0.0",
      "resolved": "https://pkgs.dev.azure.com/ThinkLinq/SharedServices/_packaging/SharedServices/npm/registry/locate-path/-/locate-path-5.0.0.tgz",
      "integrity": "sha1-Gvujlq/WdqbUJQTQpno6frn2KqA=",
      "dev": true,
      "license": "MIT",
      "dependencies": {
        "p-locate": "^4.1.0"
      },
      "engines": {
        "node": ">=8"
      }
    },
    "node_modules/find-cache-dir/node_modules/p-limit": {
      "version": "2.3.0",
      "resolved": "https://pkgs.dev.azure.com/ThinkLinq/SharedServices/_packaging/SharedServices/npm/registry/p-limit/-/p-limit-2.3.0.tgz",
      "integrity": "sha1-PdM8ZHohT9//2DWTPrCG2g3CHbE=",
      "dev": true,
      "license": "MIT",
      "dependencies": {
        "p-try": "^2.0.0"
      },
      "engines": {
        "node": ">=6"
      },
      "funding": {
        "url": "https://github.com/sponsors/sindresorhus"
      }
    },
    "node_modules/find-cache-dir/node_modules/p-locate": {
      "version": "4.1.0",
      "resolved": "https://pkgs.dev.azure.com/ThinkLinq/SharedServices/_packaging/SharedServices/npm/registry/p-locate/-/p-locate-4.1.0.tgz",
      "integrity": "sha1-o0KLtwiLOmApL2aRkni3wpetTwc=",
      "dev": true,
      "license": "MIT",
      "dependencies": {
        "p-limit": "^2.2.0"
      },
      "engines": {
        "node": ">=8"
      }
    },
    "node_modules/find-cache-dir/node_modules/pkg-dir": {
      "version": "4.2.0",
      "resolved": "https://pkgs.dev.azure.com/ThinkLinq/SharedServices/_packaging/SharedServices/npm/registry/pkg-dir/-/pkg-dir-4.2.0.tgz",
      "integrity": "sha1-8JkTPfft5CLoHR2ESCcO6z5CYfM=",
      "dev": true,
      "license": "MIT",
      "dependencies": {
        "find-up": "^4.0.0"
      },
      "engines": {
        "node": ">=8"
      }
    },
    "node_modules/find-up": {
      "version": "5.0.0",
      "resolved": "https://pkgs.dev.azure.com/ThinkLinq/SharedServices/_packaging/SharedServices/npm/registry/find-up/-/find-up-5.0.0.tgz",
      "integrity": "sha1-TJKBnstwg1YeT0okCoa+UZj1Nvw=",
      "dev": true,
      "license": "MIT",
      "dependencies": {
        "locate-path": "^6.0.0",
        "path-exists": "^4.0.0"
      },
      "engines": {
        "node": ">=10"
      },
      "funding": {
        "url": "https://github.com/sponsors/sindresorhus"
      }
    },
    "node_modules/fs-extra": {
      "version": "10.0.1",
      "resolved": "https://pkgs.dev.azure.com/ThinkLinq/SharedServices/_packaging/SharedServices/npm/registry/fs-extra/-/fs-extra-10.0.1.tgz",
      "integrity": "sha1-J95DtDIOgz9oZ8wES/zin98O87g=",
      "dev": true,
      "license": "MIT",
      "dependencies": {
        "graceful-fs": "^4.2.0",
        "jsonfile": "^6.0.1",
        "universalify": "^2.0.0"
      },
      "engines": {
        "node": ">=12"
      }
    },
    "node_modules/fsevents": {
      "version": "2.3.2",
      "resolved": "https://pkgs.dev.azure.com/ThinkLinq/SharedServices/_packaging/SharedServices/npm/registry/fsevents/-/fsevents-2.3.2.tgz",
      "integrity": "sha1-ilJveLj99GI7cJ4Ll1xSwkwC/Ro=",
      "dev": true,
      "license": "MIT",
      "optional": true,
      "os": [
        "darwin"
      ],
      "engines": {
        "node": "^8.16.0 || ^10.6.0 || >=11.0.0"
      }
    },
    "node_modules/function-bind": {
      "version": "1.1.1",
      "resolved": "https://pkgs.dev.azure.com/ThinkLinq/SharedServices/_packaging/SharedServices/npm/registry/function-bind/-/function-bind-1.1.1.tgz",
      "integrity": "sha1-pWiZ0+o8m6uHS7l3O3xe3pL0iV0=",
      "dev": true,
      "license": "MIT"
    },
    "node_modules/graceful-fs": {
      "version": "4.2.9",
      "resolved": "https://pkgs.dev.azure.com/ThinkLinq/SharedServices/_packaging/SharedServices/npm/registry/graceful-fs/-/graceful-fs-4.2.9.tgz",
      "integrity": "sha1-BBsF30V1Xlh6JJQiebnRExRuHJY=",
      "dev": true,
      "license": "ISC"
    },
    "node_modules/has": {
      "version": "1.0.3",
      "resolved": "https://pkgs.dev.azure.com/ThinkLinq/SharedServices/_packaging/SharedServices/npm/registry/has/-/has-1.0.3.tgz",
      "integrity": "sha1-ci18v8H2qoJB8W3YFOAR4fQeh5Y=",
      "dev": true,
      "license": "MIT",
      "dependencies": {
        "function-bind": "^1.1.1"
      },
      "engines": {
        "node": ">= 0.4.0"
      }
    },
    "node_modules/is-core-module": {
      "version": "2.8.1",
      "resolved": "https://pkgs.dev.azure.com/ThinkLinq/SharedServices/_packaging/SharedServices/npm/registry/is-core-module/-/is-core-module-2.8.1.tgz",
      "integrity": "sha1-9Z/fynAdWHnQprEApAqhVgzichE=",
      "dev": true,
      "license": "MIT",
      "dependencies": {
        "has": "^1.0.3"
      },
      "funding": {
        "url": "https://github.com/sponsors/ljharb"
      }
    },
    "node_modules/is-module": {
      "version": "1.0.0",
      "resolved": "https://pkgs.dev.azure.com/ThinkLinq/SharedServices/_packaging/SharedServices/npm/registry/is-module/-/is-module-1.0.0.tgz",
      "integrity": "sha1-Mlj7afeMFNW4FdZkM2tM/7ZEFZE=",
      "dev": true,
      "license": "MIT"
    },
    "node_modules/jsonfile": {
      "version": "6.1.0",
      "resolved": "https://pkgs.dev.azure.com/ThinkLinq/SharedServices/_packaging/SharedServices/npm/registry/jsonfile/-/jsonfile-6.1.0.tgz",
      "integrity": "sha1-vFWyY0eTxnnsZAMJTrE2mKbsCq4=",
      "dev": true,
      "license": "MIT",
      "dependencies": {
        "universalify": "^2.0.0"
      },
      "optionalDependencies": {
        "graceful-fs": "^4.1.6"
      }
    },
    "node_modules/locate-path": {
      "version": "6.0.0",
      "resolved": "https://pkgs.dev.azure.com/ThinkLinq/SharedServices/_packaging/SharedServices/npm/registry/locate-path/-/locate-path-6.0.0.tgz",
      "integrity": "sha1-VTIeswn+u8WcSAHZMackUqaB0oY=",
      "dev": true,
      "license": "MIT",
      "dependencies": {
        "p-locate": "^5.0.0"
      },
      "engines": {
        "node": ">=10"
      },
      "funding": {
        "url": "https://github.com/sponsors/sindresorhus"
      }
    },
    "node_modules/magic-string": {
      "version": "0.25.9",
      "resolved": "https://pkgs.dev.azure.com/ThinkLinq/SharedServices/_packaging/SharedServices/npm/registry/magic-string/-/magic-string-0.25.9.tgz",
      "integrity": "sha1-3n+fr5HvihyR0CwuUxTIJ3283Rw=",
      "dev": true,
      "license": "MIT",
      "dependencies": {
        "sourcemap-codec": "^1.4.8"
      }
    },
    "node_modules/make-dir": {
      "version": "3.1.0",
      "resolved": "https://pkgs.dev.azure.com/ThinkLinq/SharedServices/_packaging/SharedServices/npm/registry/make-dir/-/make-dir-3.1.0.tgz",
      "integrity": "sha1-QV6WcEazp/HRhSd9hKpYIDcmoT8=",
      "dev": true,
      "license": "MIT",
      "dependencies": {
        "semver": "^6.0.0"
      },
      "engines": {
        "node": ">=8"
      },
      "funding": {
        "url": "https://github.com/sponsors/sindresorhus"
      }
    },
    "node_modules/p-limit": {
      "version": "3.1.0",
      "resolved": "https://pkgs.dev.azure.com/ThinkLinq/SharedServices/_packaging/SharedServices/npm/registry/p-limit/-/p-limit-3.1.0.tgz",
      "integrity": "sha1-4drMvnjQ0TiMoYxk/qOOPlfjcGs=",
      "dev": true,
      "license": "MIT",
      "dependencies": {
        "yocto-queue": "^0.1.0"
      },
      "engines": {
        "node": ">=10"
      },
      "funding": {
        "url": "https://github.com/sponsors/sindresorhus"
      }
    },
    "node_modules/p-locate": {
      "version": "5.0.0",
      "resolved": "https://pkgs.dev.azure.com/ThinkLinq/SharedServices/_packaging/SharedServices/npm/registry/p-locate/-/p-locate-5.0.0.tgz",
      "integrity": "sha1-g8gxXGeFAF470CGDlBHJ4RDm2DQ=",
      "dev": true,
      "license": "MIT",
      "dependencies": {
        "p-limit": "^3.0.2"
      },
      "engines": {
        "node": ">=10"
      },
      "funding": {
        "url": "https://github.com/sponsors/sindresorhus"
      }
    },
    "node_modules/p-try": {
      "version": "2.2.0",
      "resolved": "https://pkgs.dev.azure.com/ThinkLinq/SharedServices/_packaging/SharedServices/npm/registry/p-try/-/p-try-2.2.0.tgz",
      "integrity": "sha1-yyhoVA4xPWHeWPr741zpAE1VQOY=",
      "dev": true,
      "license": "MIT",
      "engines": {
        "node": ">=6"
      }
    },
    "node_modules/path-exists": {
      "version": "4.0.0",
      "resolved": "https://pkgs.dev.azure.com/ThinkLinq/SharedServices/_packaging/SharedServices/npm/registry/path-exists/-/path-exists-4.0.0.tgz",
      "integrity": "sha1-UTvb4tO5XXdi6METfvoZXGxhtbM=",
      "dev": true,
      "license": "MIT",
      "engines": {
        "node": ">=8"
      }
    },
    "node_modules/path-is-network-drive": {
      "version": "1.0.13",
      "resolved": "https://pkgs.dev.azure.com/ThinkLinq/SharedServices/_packaging/SharedServices/npm/registry/path-is-network-drive/-/path-is-network-drive-1.0.13.tgz",
      "integrity": "sha1-yaoBg+tywyiqg/Q975Pdy51+xNQ=",
      "dev": true,
      "license": "ISC",
      "dependencies": {
        "tslib": "^2.3.1"
      }
    },
    "node_modules/path-parse": {
      "version": "1.0.7",
      "resolved": "https://pkgs.dev.azure.com/ThinkLinq/SharedServices/_packaging/SharedServices/npm/registry/path-parse/-/path-parse-1.0.7.tgz",
      "integrity": "sha1-+8EUtgykKzDZ2vWFjkvWi77bZzU=",
      "dev": true,
      "license": "MIT"
    },
    "node_modules/path-strip-sep": {
      "version": "1.0.10",
      "resolved": "https://pkgs.dev.azure.com/ThinkLinq/SharedServices/_packaging/SharedServices/npm/registry/path-strip-sep/-/path-strip-sep-1.0.10.tgz",
      "integrity": "sha1-K+TniUBrKYr4cJ/3mvcWE0tzO5g=",
      "dev": true,
      "license": "ISC",
      "dependencies": {
        "tslib": "^2.3.1"
      }
    },
    "node_modules/picomatch": {
      "version": "2.3.1",
      "resolved": "https://pkgs.dev.azure.com/ThinkLinq/SharedServices/_packaging/SharedServices/npm/registry/picomatch/-/picomatch-2.3.1.tgz",
      "integrity": "sha1-O6ODNzNkbZ0+SZWUbBNlpn+wekI=",
      "dev": true,
      "license": "MIT",
      "engines": {
        "node": ">=8.6"
      },
      "funding": {
        "url": "https://github.com/sponsors/jonschlinkert"
      }
    },
    "node_modules/pkg-dir": {
      "version": "5.0.0",
      "resolved": "https://pkgs.dev.azure.com/ThinkLinq/SharedServices/_packaging/SharedServices/npm/registry/pkg-dir/-/pkg-dir-5.0.0.tgz",
      "integrity": "sha1-oC1q6+a6EzqSj3Suwguv3+a452A=",
      "dev": true,
      "license": "MIT",
      "dependencies": {
        "find-up": "^5.0.0"
      },
      "engines": {
        "node": ">=10"
      }
    },
    "node_modules/resolve": {
      "version": "1.22.0",
      "resolved": "https://pkgs.dev.azure.com/ThinkLinq/SharedServices/_packaging/SharedServices/npm/registry/resolve/-/resolve-1.22.0.tgz",
      "integrity": "sha1-XguMZ8Fd9XqJvbq+YDoALyFzEZg=",
      "dev": true,
      "license": "MIT",
      "dependencies": {
        "is-core-module": "^2.8.1",
        "path-parse": "^1.0.7",
        "supports-preserve-symlinks-flag": "^1.0.0"
      },
      "bin": {
        "resolve": "bin/resolve"
      },
      "funding": {
        "url": "https://github.com/sponsors/ljharb"
      }
    },
    "node_modules/rollup": {
      "version": "2.70.1",
      "resolved": "https://pkgs.dev.azure.com/ThinkLinq/SharedServices/_packaging/SharedServices/npm/registry/rollup/-/rollup-2.70.1.tgz",
      "integrity": "sha1-gksfH4eeo5bbMLD8OujS/q2TUj4=",
      "dev": true,
      "license": "MIT",
      "bin": {
        "rollup": "dist/bin/rollup"
      },
      "engines": {
        "node": ">=10.0.0"
      },
      "optionalDependencies": {
        "fsevents": "~2.3.2"
      }
    },
    "node_modules/rollup-plugin-polyfill-node": {
      "version": "0.8.0",
      "resolved": "https://pkgs.dev.azure.com/ThinkLinq/SharedServices/_packaging/SharedServices/npm/registry/rollup-plugin-polyfill-node/-/rollup-plugin-polyfill-node-0.8.0.tgz",
      "integrity": "sha1-hZwHCCL1440iHltCOMs0qolMKxk=",
      "dev": true,
      "license": "MIT",
      "dependencies": {
        "@rollup/plugin-inject": "^4.0.0"
      },
      "peerDependencies": {
        "rollup": "^1.20.0 || ^2.0.0"
      }
    },
    "node_modules/rollup-plugin-typescript2": {
      "version": "0.31.2",
      "resolved": "https://pkgs.dev.azure.com/ThinkLinq/SharedServices/_packaging/SharedServices/npm/registry/rollup-plugin-typescript2/-/rollup-plugin-typescript2-0.31.2.tgz",
      "integrity": "sha1-RjqnE6fiv4W5KGAJS59/snTFpNg=",
      "dev": true,
      "license": "MIT",
      "dependencies": {
        "@rollup/pluginutils": "^4.1.2",
        "@yarn-tool/resolve-package": "^1.0.40",
        "find-cache-dir": "^3.3.2",
        "fs-extra": "^10.0.0",
        "resolve": "^1.20.0",
        "tslib": "^2.3.1"
      },
      "peerDependencies": {
        "rollup": ">=1.26.3",
        "typescript": ">=2.4.0"
      }
    },
    "node_modules/semver": {
      "version": "6.3.0",
      "resolved": "https://pkgs.dev.azure.com/ThinkLinq/SharedServices/_packaging/SharedServices/npm/registry/semver/-/semver-6.3.0.tgz",
      "integrity": "sha1-7gpkyK9ejO6mdoexM3YeG+y9HT0=",
      "dev": true,
      "license": "ISC",
      "bin": {
        "semver": "bin/semver.js"
      }
    },
    "node_modules/sourcemap-codec": {
      "version": "1.4.8",
      "resolved": "https://pkgs.dev.azure.com/ThinkLinq/SharedServices/_packaging/SharedServices/npm/registry/sourcemap-codec/-/sourcemap-codec-1.4.8.tgz",
      "integrity": "sha1-6oBL2UhXQC5pktBaOO8a41qatMQ=",
      "dev": true,
      "license": "MIT"
    },
    "node_modules/supports-preserve-symlinks-flag": {
      "version": "1.0.0",
      "resolved": "https://pkgs.dev.azure.com/ThinkLinq/SharedServices/_packaging/SharedServices/npm/registry/supports-preserve-symlinks-flag/-/supports-preserve-symlinks-flag-1.0.0.tgz",
      "integrity": "sha1-btpL00SjyUrqN21MwxvHcxEDngk=",
      "dev": true,
      "license": "MIT",
      "engines": {
        "node": ">= 0.4"
      },
      "funding": {
        "url": "https://github.com/sponsors/ljharb"
      }
    },
    "node_modules/tslib": {
      "version": "2.3.1",
      "resolved": "https://pkgs.dev.azure.com/ThinkLinq/SharedServices/_packaging/SharedServices/npm/registry/tslib/-/tslib-2.3.1.tgz",
      "integrity": "sha1-6KM1rdXOrlGqJh0ypJAVjvBC7wE=",
      "dev": true,
      "license": "0BSD"
    },
    "node_modules/typescript": {
      "version": "4.6.2",
      "resolved": "https://pkgs.dev.azure.com/ThinkLinq/SharedServices/_packaging/SharedServices/npm/registry/typescript/-/typescript-4.6.2.tgz",
      "integrity": "sha1-/hLScntwj07vQPUVmLM5i6qWEdQ=",
      "dev": true,
      "license": "Apache-2.0",
      "bin": {
        "tsc": "bin/tsc",
        "tsserver": "bin/tsserver"
      },
      "engines": {
        "node": ">=4.2.0"
      }
    },
    "node_modules/universalify": {
      "version": "2.0.0",
      "resolved": "https://pkgs.dev.azure.com/ThinkLinq/SharedServices/_packaging/SharedServices/npm/registry/universalify/-/universalify-2.0.0.tgz",
      "integrity": "sha1-daSYTv7cSwiXXFrrc/Uw0C3yVxc=",
      "dev": true,
      "license": "MIT",
      "engines": {
        "node": ">= 10.0.0"
      }
    },
    "node_modules/upath2": {
      "version": "3.1.12",
      "resolved": "https://pkgs.dev.azure.com/ThinkLinq/SharedServices/_packaging/SharedServices/npm/registry/upath2/-/upath2-3.1.12.tgz",
      "integrity": "sha1-RBs9+63eIXMQF70be+sWlJjv0Kk=",
      "dev": true,
      "license": "ISC",
      "dependencies": {
        "path-is-network-drive": "^1.0.13",
        "path-strip-sep": "^1.0.10",
        "tslib": "^2.3.1"
      },
      "peerDependencies": {
        "@types/node": "*"
      }
    },
    "node_modules/uuid": {
      "version": "8.3.2",
      "resolved": "https://pkgs.dev.azure.com/ThinkLinq/SharedServices/_packaging/SharedServices/npm/registry/uuid/-/uuid-8.3.2.tgz",
      "integrity": "sha1-gNW1ztJxu5r2xEXyGhoExgbO++I=",
      "license": "MIT",
      "bin": {
        "uuid": "dist/bin/uuid"
      }
    },
    "node_modules/yocto-queue": {
      "version": "0.1.0",
      "resolved": "https://pkgs.dev.azure.com/ThinkLinq/SharedServices/_packaging/SharedServices/npm/registry/yocto-queue/-/yocto-queue-0.1.0.tgz",
      "integrity": "sha1-ApTrPe4FAo0x7hpfosVWpqrxChs=",
      "dev": true,
      "license": "MIT",
      "engines": {
        "node": ">=10"
      },
      "funding": {
        "url": "https://github.com/sponsors/sindresorhus"
      }
    }
  },
  "dependencies": {
    "@rollup/plugin-inject": {
      "version": "4.0.4",
      "resolved": "https://pkgs.dev.azure.com/ThinkLinq/SharedServices/_packaging/SharedServices/npm/registry/@rollup/plugin-inject/-/plugin-inject-4.0.4.tgz",
      "integrity": "sha1-++7mbppwB4LE9lyLDtuv5YZ4+8I=",
      "dev": true,
      "requires": {
        "@rollup/pluginutils": "^3.1.0",
        "estree-walker": "^2.0.1",
        "magic-string": "^0.25.7"
      },
      "dependencies": {
        "@rollup/pluginutils": {
          "version": "3.1.0",
          "resolved": "https://pkgs.dev.azure.com/ThinkLinq/SharedServices/_packaging/SharedServices/npm/registry/@rollup/pluginutils/-/pluginutils-3.1.0.tgz",
          "integrity": "sha1-cGtFJO5tyLEDs8mVUz5a1oDAK5s=",
          "dev": true,
          "requires": {
            "@types/estree": "0.0.39",
            "estree-walker": "^1.0.1",
            "picomatch": "^2.2.2"
          },
          "dependencies": {
            "estree-walker": {
              "version": "1.0.1",
              "resolved": "https://pkgs.dev.azure.com/ThinkLinq/SharedServices/_packaging/SharedServices/npm/registry/estree-walker/-/estree-walker-1.0.1.tgz",
              "integrity": "sha1-MbxdYSyWtwQQa0d+bdXYqhOMtwA=",
              "dev": true
            }
          }
        }
      }
    },
    "@rollup/plugin-node-resolve": {
      "version": "13.1.3",
      "resolved": "https://pkgs.dev.azure.com/ThinkLinq/SharedServices/_packaging/SharedServices/npm/registry/@rollup/plugin-node-resolve/-/plugin-node-resolve-13.1.3.tgz",
      "integrity": "sha1-LtJ3+zrZh0VCTB0roVJIRQipLXk=",
      "dev": true,
      "requires": {
        "@rollup/pluginutils": "^3.1.0",
        "@types/resolve": "1.17.1",
        "builtin-modules": "^3.1.0",
        "deepmerge": "^4.2.2",
        "is-module": "^1.0.0",
        "resolve": "^1.19.0"
      },
      "dependencies": {
        "@rollup/pluginutils": {
          "version": "3.1.0",
          "resolved": "https://pkgs.dev.azure.com/ThinkLinq/SharedServices/_packaging/SharedServices/npm/registry/@rollup/pluginutils/-/pluginutils-3.1.0.tgz",
          "integrity": "sha1-cGtFJO5tyLEDs8mVUz5a1oDAK5s=",
          "dev": true,
          "requires": {
            "@types/estree": "0.0.39",
            "estree-walker": "^1.0.1",
            "picomatch": "^2.2.2"
          }
        },
        "estree-walker": {
          "version": "1.0.1",
          "resolved": "https://pkgs.dev.azure.com/ThinkLinq/SharedServices/_packaging/SharedServices/npm/registry/estree-walker/-/estree-walker-1.0.1.tgz",
          "integrity": "sha1-MbxdYSyWtwQQa0d+bdXYqhOMtwA=",
          "dev": true
        }
      }
    },
    "@rollup/pluginutils": {
      "version": "4.2.0",
      "resolved": "https://pkgs.dev.azure.com/ThinkLinq/SharedServices/_packaging/SharedServices/npm/registry/@rollup/pluginutils/-/pluginutils-4.2.0.tgz",
      "integrity": "sha1-oUu9BY/bugpWRxQ7Fu0NhvtgvQg=",
      "dev": true,
      "requires": {
        "estree-walker": "^2.0.1",
        "picomatch": "^2.2.2"
      }
    },
    "@types/estree": {
      "version": "0.0.39",
      "resolved": "https://pkgs.dev.azure.com/ThinkLinq/SharedServices/_packaging/SharedServices/npm/registry/@types/estree/-/estree-0.0.39.tgz",
      "integrity": "sha1-4Xfmme4bjCLSMXTKqnQiZEOJUJ8=",
      "dev": true
    },
    "@types/node": {
      "version": "17.0.21",
      "resolved": "https://pkgs.dev.azure.com/ThinkLinq/SharedServices/_packaging/SharedServices/npm/registry/@types/node/-/node-17.0.21.tgz",
      "integrity": "sha1-hkuYfAxo0HtDRYRcPmO3Xt0UNkQ="
    },
    "@types/resolve": {
      "version": "1.17.1",
      "resolved": "https://pkgs.dev.azure.com/ThinkLinq/SharedServices/_packaging/SharedServices/npm/registry/@types/resolve/-/resolve-1.17.1.tgz",
      "integrity": "sha1-Ov1q2JZ8d+Q3bFmKgt3Vj0bsRdY=",
      "dev": true,
      "requires": {
        "@types/node": "*"
      }
    },
    "@types/uuid": {
      "version": "8.3.4",
      "resolved": "https://pkgs.dev.azure.com/ThinkLinq/SharedServices/_packaging/SharedServices/npm/registry/@types/uuid/-/uuid-8.3.4.tgz",
      "integrity": "sha1-vYakNhffBZR4fTi3NfVcgFvs8bw="
    },
    "@yarn-tool/resolve-package": {
      "version": "1.0.46",
      "resolved": "https://pkgs.dev.azure.com/ThinkLinq/SharedServices/_packaging/SharedServices/npm/registry/@yarn-tool/resolve-package/-/resolve-package-1.0.46.tgz",
      "integrity": "sha1-23NUOA5cp2gilK9Z5asPf85kCsE=",
      "dev": true,
      "requires": {
        "pkg-dir": "< 6 >= 5",
        "tslib": "^2.3.1",
        "upath2": "^3.1.12"
      }
    },
    "builtin-modules": {
      "version": "3.2.0",
      "resolved": "https://pkgs.dev.azure.com/ThinkLinq/SharedServices/_packaging/SharedServices/npm/registry/builtin-modules/-/builtin-modules-3.2.0.tgz",
      "integrity": "sha1-RdXbmefuXmvE82LgCL+RerUEmIc=",
      "dev": true
    },
    "commondir": {
      "version": "1.0.1",
      "resolved": "https://pkgs.dev.azure.com/ThinkLinq/SharedServices/_packaging/SharedServices/npm/registry/commondir/-/commondir-1.0.1.tgz",
      "integrity": "sha1-3dgA2gxmEnOTzKWVDqloo6rxJTs=",
      "dev": true
    },
    "deepmerge": {
      "version": "4.2.2",
      "resolved": "https://pkgs.dev.azure.com/ThinkLinq/SharedServices/_packaging/SharedServices/npm/registry/deepmerge/-/deepmerge-4.2.2.tgz",
      "integrity": "sha1-RNLqNnm49NT/ujPwPYZfwee/SVU=",
      "dev": true
    },
    "estree-walker": {
      "version": "2.0.2",
      "resolved": "https://pkgs.dev.azure.com/ThinkLinq/SharedServices/_packaging/SharedServices/npm/registry/estree-walker/-/estree-walker-2.0.2.tgz",
      "integrity": "sha1-UvAQF4wqTBF6d1fP6UKtt9LaTKw=",
      "dev": true
    },
    "find-cache-dir": {
      "version": "3.3.2",
      "resolved": "https://pkgs.dev.azure.com/ThinkLinq/SharedServices/_packaging/SharedServices/npm/registry/find-cache-dir/-/find-cache-dir-3.3.2.tgz",
      "integrity": "sha1-swxbbv8HMHMa6pu9nb7L2AJW1ks=",
      "dev": true,
      "requires": {
        "commondir": "^1.0.1",
        "make-dir": "^3.0.2",
        "pkg-dir": "^4.1.0"
      },
      "dependencies": {
        "find-up": {
          "version": "4.1.0",
          "resolved": "https://pkgs.dev.azure.com/ThinkLinq/SharedServices/_packaging/SharedServices/npm/registry/find-up/-/find-up-4.1.0.tgz",
          "integrity": "sha1-l6/n1s3AvFkoWEt8jXsW6KmqXRk=",
          "dev": true,
          "requires": {
            "locate-path": "^5.0.0",
            "path-exists": "^4.0.0"
          }
        },
        "locate-path": {
          "version": "5.0.0",
          "resolved": "https://pkgs.dev.azure.com/ThinkLinq/SharedServices/_packaging/SharedServices/npm/registry/locate-path/-/locate-path-5.0.0.tgz",
          "integrity": "sha1-Gvujlq/WdqbUJQTQpno6frn2KqA=",
          "dev": true,
          "requires": {
            "p-locate": "^4.1.0"
          }
        },
        "p-limit": {
          "version": "2.3.0",
          "resolved": "https://pkgs.dev.azure.com/ThinkLinq/SharedServices/_packaging/SharedServices/npm/registry/p-limit/-/p-limit-2.3.0.tgz",
          "integrity": "sha1-PdM8ZHohT9//2DWTPrCG2g3CHbE=",
          "dev": true,
          "requires": {
            "p-try": "^2.0.0"
          }
        },
        "p-locate": {
          "version": "4.1.0",
          "resolved": "https://pkgs.dev.azure.com/ThinkLinq/SharedServices/_packaging/SharedServices/npm/registry/p-locate/-/p-locate-4.1.0.tgz",
          "integrity": "sha1-o0KLtwiLOmApL2aRkni3wpetTwc=",
          "dev": true,
          "requires": {
            "p-limit": "^2.2.0"
          }
        },
        "pkg-dir": {
          "version": "4.2.0",
          "resolved": "https://pkgs.dev.azure.com/ThinkLinq/SharedServices/_packaging/SharedServices/npm/registry/pkg-dir/-/pkg-dir-4.2.0.tgz",
          "integrity": "sha1-8JkTPfft5CLoHR2ESCcO6z5CYfM=",
          "dev": true,
          "requires": {
            "find-up": "^4.0.0"
          }
        }
      }
    },
    "find-up": {
      "version": "5.0.0",
      "resolved": "https://pkgs.dev.azure.com/ThinkLinq/SharedServices/_packaging/SharedServices/npm/registry/find-up/-/find-up-5.0.0.tgz",
      "integrity": "sha1-TJKBnstwg1YeT0okCoa+UZj1Nvw=",
      "dev": true,
      "requires": {
        "locate-path": "^6.0.0",
        "path-exists": "^4.0.0"
      }
    },
    "fs-extra": {
      "version": "10.0.1",
      "resolved": "https://pkgs.dev.azure.com/ThinkLinq/SharedServices/_packaging/SharedServices/npm/registry/fs-extra/-/fs-extra-10.0.1.tgz",
      "integrity": "sha1-J95DtDIOgz9oZ8wES/zin98O87g=",
      "dev": true,
      "requires": {
        "graceful-fs": "^4.2.0",
        "jsonfile": "^6.0.1",
        "universalify": "^2.0.0"
      }
    },
    "fsevents": {
      "version": "2.3.2",
      "resolved": "https://pkgs.dev.azure.com/ThinkLinq/SharedServices/_packaging/SharedServices/npm/registry/fsevents/-/fsevents-2.3.2.tgz",
      "integrity": "sha1-ilJveLj99GI7cJ4Ll1xSwkwC/Ro=",
      "dev": true,
      "optional": true
    },
    "function-bind": {
      "version": "1.1.1",
      "resolved": "https://pkgs.dev.azure.com/ThinkLinq/SharedServices/_packaging/SharedServices/npm/registry/function-bind/-/function-bind-1.1.1.tgz",
      "integrity": "sha1-pWiZ0+o8m6uHS7l3O3xe3pL0iV0=",
      "dev": true
    },
    "graceful-fs": {
      "version": "4.2.9",
      "resolved": "https://pkgs.dev.azure.com/ThinkLinq/SharedServices/_packaging/SharedServices/npm/registry/graceful-fs/-/graceful-fs-4.2.9.tgz",
      "integrity": "sha1-BBsF30V1Xlh6JJQiebnRExRuHJY=",
      "dev": true
    },
    "has": {
      "version": "1.0.3",
      "resolved": "https://pkgs.dev.azure.com/ThinkLinq/SharedServices/_packaging/SharedServices/npm/registry/has/-/has-1.0.3.tgz",
      "integrity": "sha1-ci18v8H2qoJB8W3YFOAR4fQeh5Y=",
      "dev": true,
      "requires": {
        "function-bind": "^1.1.1"
      }
    },
    "is-core-module": {
      "version": "2.8.1",
      "resolved": "https://pkgs.dev.azure.com/ThinkLinq/SharedServices/_packaging/SharedServices/npm/registry/is-core-module/-/is-core-module-2.8.1.tgz",
      "integrity": "sha1-9Z/fynAdWHnQprEApAqhVgzichE=",
      "dev": true,
      "requires": {
        "has": "^1.0.3"
      }
    },
    "is-module": {
      "version": "1.0.0",
      "resolved": "https://pkgs.dev.azure.com/ThinkLinq/SharedServices/_packaging/SharedServices/npm/registry/is-module/-/is-module-1.0.0.tgz",
      "integrity": "sha1-Mlj7afeMFNW4FdZkM2tM/7ZEFZE=",
      "dev": true
    },
    "jsonfile": {
      "version": "6.1.0",
      "resolved": "https://pkgs.dev.azure.com/ThinkLinq/SharedServices/_packaging/SharedServices/npm/registry/jsonfile/-/jsonfile-6.1.0.tgz",
      "integrity": "sha1-vFWyY0eTxnnsZAMJTrE2mKbsCq4=",
      "dev": true,
      "requires": {
        "graceful-fs": "^4.1.6",
        "universalify": "^2.0.0"
      }
    },
    "locate-path": {
      "version": "6.0.0",
      "resolved": "https://pkgs.dev.azure.com/ThinkLinq/SharedServices/_packaging/SharedServices/npm/registry/locate-path/-/locate-path-6.0.0.tgz",
      "integrity": "sha1-VTIeswn+u8WcSAHZMackUqaB0oY=",
      "dev": true,
      "requires": {
        "p-locate": "^5.0.0"
      }
    },
    "magic-string": {
      "version": "0.25.9",
      "resolved": "https://pkgs.dev.azure.com/ThinkLinq/SharedServices/_packaging/SharedServices/npm/registry/magic-string/-/magic-string-0.25.9.tgz",
      "integrity": "sha1-3n+fr5HvihyR0CwuUxTIJ3283Rw=",
      "dev": true,
      "requires": {
        "sourcemap-codec": "^1.4.8"
      }
    },
    "make-dir": {
      "version": "3.1.0",
      "resolved": "https://pkgs.dev.azure.com/ThinkLinq/SharedServices/_packaging/SharedServices/npm/registry/make-dir/-/make-dir-3.1.0.tgz",
      "integrity": "sha1-QV6WcEazp/HRhSd9hKpYIDcmoT8=",
      "dev": true,
      "requires": {
        "semver": "^6.0.0"
      }
    },
    "p-limit": {
      "version": "3.1.0",
      "resolved": "https://pkgs.dev.azure.com/ThinkLinq/SharedServices/_packaging/SharedServices/npm/registry/p-limit/-/p-limit-3.1.0.tgz",
      "integrity": "sha1-4drMvnjQ0TiMoYxk/qOOPlfjcGs=",
      "dev": true,
      "requires": {
        "yocto-queue": "^0.1.0"
      }
    },
    "p-locate": {
      "version": "5.0.0",
      "resolved": "https://pkgs.dev.azure.com/ThinkLinq/SharedServices/_packaging/SharedServices/npm/registry/p-locate/-/p-locate-5.0.0.tgz",
      "integrity": "sha1-g8gxXGeFAF470CGDlBHJ4RDm2DQ=",
      "dev": true,
      "requires": {
        "p-limit": "^3.0.2"
      }
    },
    "p-try": {
      "version": "2.2.0",
      "resolved": "https://pkgs.dev.azure.com/ThinkLinq/SharedServices/_packaging/SharedServices/npm/registry/p-try/-/p-try-2.2.0.tgz",
      "integrity": "sha1-yyhoVA4xPWHeWPr741zpAE1VQOY=",
      "dev": true
    },
    "path-exists": {
      "version": "4.0.0",
      "resolved": "https://pkgs.dev.azure.com/ThinkLinq/SharedServices/_packaging/SharedServices/npm/registry/path-exists/-/path-exists-4.0.0.tgz",
      "integrity": "sha1-UTvb4tO5XXdi6METfvoZXGxhtbM=",
      "dev": true
    },
    "path-is-network-drive": {
      "version": "1.0.13",
      "resolved": "https://pkgs.dev.azure.com/ThinkLinq/SharedServices/_packaging/SharedServices/npm/registry/path-is-network-drive/-/path-is-network-drive-1.0.13.tgz",
      "integrity": "sha1-yaoBg+tywyiqg/Q975Pdy51+xNQ=",
      "dev": true,
      "requires": {
        "tslib": "^2.3.1"
      }
    },
    "path-parse": {
      "version": "1.0.7",
      "resolved": "https://pkgs.dev.azure.com/ThinkLinq/SharedServices/_packaging/SharedServices/npm/registry/path-parse/-/path-parse-1.0.7.tgz",
      "integrity": "sha1-+8EUtgykKzDZ2vWFjkvWi77bZzU=",
      "dev": true
    },
    "path-strip-sep": {
      "version": "1.0.10",
      "resolved": "https://pkgs.dev.azure.com/ThinkLinq/SharedServices/_packaging/SharedServices/npm/registry/path-strip-sep/-/path-strip-sep-1.0.10.tgz",
      "integrity": "sha1-K+TniUBrKYr4cJ/3mvcWE0tzO5g=",
      "dev": true,
      "requires": {
        "tslib": "^2.3.1"
      }
    },
    "picomatch": {
      "version": "2.3.1",
      "resolved": "https://pkgs.dev.azure.com/ThinkLinq/SharedServices/_packaging/SharedServices/npm/registry/picomatch/-/picomatch-2.3.1.tgz",
      "integrity": "sha1-O6ODNzNkbZ0+SZWUbBNlpn+wekI=",
      "dev": true
    },
    "pkg-dir": {
      "version": "5.0.0",
      "resolved": "https://pkgs.dev.azure.com/ThinkLinq/SharedServices/_packaging/SharedServices/npm/registry/pkg-dir/-/pkg-dir-5.0.0.tgz",
      "integrity": "sha1-oC1q6+a6EzqSj3Suwguv3+a452A=",
      "dev": true,
      "requires": {
        "find-up": "^5.0.0"
      }
    },
    "resolve": {
      "version": "1.22.0",
      "resolved": "https://pkgs.dev.azure.com/ThinkLinq/SharedServices/_packaging/SharedServices/npm/registry/resolve/-/resolve-1.22.0.tgz",
      "integrity": "sha1-XguMZ8Fd9XqJvbq+YDoALyFzEZg=",
      "dev": true,
      "requires": {
        "is-core-module": "^2.8.1",
        "path-parse": "^1.0.7",
        "supports-preserve-symlinks-flag": "^1.0.0"
      }
    },
    "rollup": {
      "version": "2.70.1",
      "resolved": "https://pkgs.dev.azure.com/ThinkLinq/SharedServices/_packaging/SharedServices/npm/registry/rollup/-/rollup-2.70.1.tgz",
      "integrity": "sha1-gksfH4eeo5bbMLD8OujS/q2TUj4=",
      "dev": true,
      "requires": {
        "fsevents": "~2.3.2"
      }
    },
    "rollup-plugin-polyfill-node": {
      "version": "0.8.0",
      "resolved": "https://pkgs.dev.azure.com/ThinkLinq/SharedServices/_packaging/SharedServices/npm/registry/rollup-plugin-polyfill-node/-/rollup-plugin-polyfill-node-0.8.0.tgz",
      "integrity": "sha1-hZwHCCL1440iHltCOMs0qolMKxk=",
      "dev": true,
      "requires": {
        "@rollup/plugin-inject": "^4.0.0"
      }
    },
    "rollup-plugin-typescript2": {
      "version": "0.31.2",
      "resolved": "https://pkgs.dev.azure.com/ThinkLinq/SharedServices/_packaging/SharedServices/npm/registry/rollup-plugin-typescript2/-/rollup-plugin-typescript2-0.31.2.tgz",
      "integrity": "sha1-RjqnE6fiv4W5KGAJS59/snTFpNg=",
      "dev": true,
      "requires": {
        "@rollup/pluginutils": "^4.1.2",
        "@yarn-tool/resolve-package": "^1.0.40",
        "find-cache-dir": "^3.3.2",
        "fs-extra": "^10.0.0",
        "resolve": "^1.20.0",
        "tslib": "^2.3.1"
      }
    },
    "semver": {
      "version": "6.3.0",
      "resolved": "https://pkgs.dev.azure.com/ThinkLinq/SharedServices/_packaging/SharedServices/npm/registry/semver/-/semver-6.3.0.tgz",
      "integrity": "sha1-7gpkyK9ejO6mdoexM3YeG+y9HT0=",
      "dev": true
    },
    "sourcemap-codec": {
      "version": "1.4.8",
      "resolved": "https://pkgs.dev.azure.com/ThinkLinq/SharedServices/_packaging/SharedServices/npm/registry/sourcemap-codec/-/sourcemap-codec-1.4.8.tgz",
      "integrity": "sha1-6oBL2UhXQC5pktBaOO8a41qatMQ=",
      "dev": true
    },
    "supports-preserve-symlinks-flag": {
      "version": "1.0.0",
      "resolved": "https://pkgs.dev.azure.com/ThinkLinq/SharedServices/_packaging/SharedServices/npm/registry/supports-preserve-symlinks-flag/-/supports-preserve-symlinks-flag-1.0.0.tgz",
      "integrity": "sha1-btpL00SjyUrqN21MwxvHcxEDngk=",
      "dev": true
    },
    "tslib": {
      "version": "2.3.1",
      "resolved": "https://pkgs.dev.azure.com/ThinkLinq/SharedServices/_packaging/SharedServices/npm/registry/tslib/-/tslib-2.3.1.tgz",
      "integrity": "sha1-6KM1rdXOrlGqJh0ypJAVjvBC7wE=",
      "dev": true
    },
    "typescript": {
      "version": "4.6.2",
      "resolved": "https://pkgs.dev.azure.com/ThinkLinq/SharedServices/_packaging/SharedServices/npm/registry/typescript/-/typescript-4.6.2.tgz",
      "integrity": "sha1-/hLScntwj07vQPUVmLM5i6qWEdQ=",
      "dev": true
    },
    "universalify": {
      "version": "2.0.0",
      "resolved": "https://pkgs.dev.azure.com/ThinkLinq/SharedServices/_packaging/SharedServices/npm/registry/universalify/-/universalify-2.0.0.tgz",
      "integrity": "sha1-daSYTv7cSwiXXFrrc/Uw0C3yVxc=",
      "dev": true
    },
    "upath2": {
      "version": "3.1.12",
      "resolved": "https://pkgs.dev.azure.com/ThinkLinq/SharedServices/_packaging/SharedServices/npm/registry/upath2/-/upath2-3.1.12.tgz",
      "integrity": "sha1-RBs9+63eIXMQF70be+sWlJjv0Kk=",
      "dev": true,
      "requires": {
        "path-is-network-drive": "^1.0.13",
        "path-strip-sep": "^1.0.10",
        "tslib": "^2.3.1"
      }
    },
    "uuid": {
      "version": "8.3.2",
      "resolved": "https://pkgs.dev.azure.com/ThinkLinq/SharedServices/_packaging/SharedServices/npm/registry/uuid/-/uuid-8.3.2.tgz",
      "integrity": "sha1-gNW1ztJxu5r2xEXyGhoExgbO++I="
    },
    "yocto-queue": {
      "version": "0.1.0",
      "resolved": "https://pkgs.dev.azure.com/ThinkLinq/SharedServices/_packaging/SharedServices/npm/registry/yocto-queue/-/yocto-queue-0.1.0.tgz",
      "integrity": "sha1-ApTrPe4FAo0x7hpfosVWpqrxChs=",
      "dev": true
    }
  }
}
