# THIS IS AN AUTOGENERATED FILE. DO NOT EDIT THIS FILE DIRECTLY.
# yarn lockfile v1


"@types/luxon@^3.0.2":
  version "3.0.2"
  resolved "https://pkgs.dev.azure.com/mkrizanac/semantically/_packaging/mattsFeed/npm/registry/@types/luxon/-/luxon-3.0.2.tgz#11361eb3c8a81e9b8d6b35b6ffe155e8eb95480d"
  integrity sha1-ETYes8ioHpuNazW2/+FV6OuVSA0=

"@types/node@^17.0.21":
  version "17.0.45"
  resolved "https://pkgs.dev.azure.com/mkrizanac/semantically/_packaging/mattsFeed/npm/registry/@types/node/-/node-17.0.45.tgz#2c0fafd78705e7a18b7906b5201a522719dc5190"
  integrity sha1-LA+v14cF56GLeQa1IBpSJxncUZA=

"@types/uuid@^8.3.4":
  version "8.3.4"
  resolved "https://pkgs.dev.azure.com/mkrizanac/semantically/_packaging/mattsFeed/npm/registry/@types/uuid/-/uuid-8.3.4.tgz#bd86a43617df0594787d38b735f55c805becf1bc"
  integrity sha1-vYakNhffBZR4fTi3NfVcgFvs8bw=

luxon@^3.0.4:
  version "3.0.4"
  resolved "https://pkgs.dev.azure.com/mkrizanac/semantically/_packaging/mattsFeed/npm/registry/luxon/-/luxon-3.0.4.tgz#d179e4e9f05e092241e7044f64aaa54796b03929"
  integrity sha1-0Xnk6fBeCSJB5wRPZKqlR5awOSk=

typescript@^4.8.4:
  version "4.8.4"
  resolved "https://pkgs.dev.azure.com/mkrizanac/semantically/_packaging/mattsFeed/npm/registry/typescript/-/typescript-4.8.4.tgz#c464abca159669597be5f96b8943500b238e60e6"
  integrity sha1-xGSryhWWaVl75flriUNQCyOOYOY=

uuid@^8.3.2:
  version "8.3.2"
  resolved "https://pkgs.dev.azure.com/mkrizanac/semantically/_packaging/mattsFeed/npm/registry/uuid/-/uuid-8.3.2.tgz#80d5b5ced271bb9af6c445f21a1a04c606cefbe2"
  integrity sha1-gNW1ztJxu5r2xEXyGhoExgbO++I=
